
Microsoft Visual Studio Solution File, Format Version 12.00
# Visual Studio Version 16
VisualStudioVersion = 16.0.29411.138
MinimumVisualStudioVersion = 10.0.40219.1
Project("{9A19103F-16F7-4668-BE54-9A1E7A4F7556}") = "Weather.Api", "src\Weather.Api\Weather.Api.csproj", "{CF36CD34-0962-46AC-AD0A-77610CAEB10F}"
EndProject
Global
	GlobalSection(SolutionConfigurationPlatforms) = preSolution
		Debug|Any CPU = Debug|Any CPU
		Debug|x64 = Debug|x64
		Release|Any CPU = Release|Any CPU
		Release|x64 = Release|x64
	EndGlobalSection
	GlobalSection(ProjectConfigurationPlatforms) = postSolution
		{CF36CD34-0962-46AC-AD0A-77610CAEB10F}.Debug|Any CPU.ActiveCfg = Debug|Any CPU
		{CF36CD34-0962-46AC-AD0A-77610CAEB10F}.Debug|Any CPU.Build.0 = Debug|Any CPU
		{CF36CD34-0962-46AC-AD0A-77610CAEB10F}.Debug|x64.ActiveCfg = Debug|x64
		{CF36CD34-0962-46AC-AD0A-77610CAEB10F}.Debug|x64.Build.0 = Debug|x64
		{CF36CD34-0962-46AC-AD0A-77610CAEB10F}.Release|Any CPU.ActiveCfg = Release|Any CPU
		{CF36CD34-0962-46AC-AD0A-77610CAEB10F}.Release|Any CPU.Build.0 = Release|Any CPU
		{CF36CD34-0962-46AC-AD0A-77610CAEB10F}.Release|x64.ActiveCfg = Release|x64
		{CF36CD34-0962-46AC-AD0A-77610CAEB10F}.Release|x64.Build.0 = Release|x64
		{5B7D7F8F-CB30-44EB-8D5E-BA7AF1121A3B}.Debug|Any CPU.ActiveCfg = Debug|Any CPU
		{5B7D7F8F-CB30-44EB-8D5E-BA7AF1121A3B}.Debug|Any CPU.Build.0 = Debug|Any CPU
		{5B7D7F8F-CB30-44EB-8D5E-BA7AF1121A3B}.Debug|x64.ActiveCfg = Debug|Any CPU
		{5B7D7F8F-CB30-44EB-8D5E-BA7AF1121A3B}.Debug|x64.Build.0 = Debug|Any CPU
		{5B7D7F8F-CB30-44EB-8D5E-BA7AF1121A3B}.Release|Any CPU.ActiveCfg = Release|Any CPU
		{5B7D7F8F-CB30-44EB-8D5E-BA7AF1121A3B}.Release|Any CPU.Build.0 = Release|Any CPU
		{5B7D7F8F-CB30-44EB-8D5E-BA7AF1121A3B}.Release|x64.ActiveCfg = Release|Any CPU
		{5B7D7F8F-CB30-44EB-8D5E-BA7AF1121A3B}.Release|x64.Build.0 = Release|Any CPU
		{700077FE-0206-46AF-AB46-46E8ECFF69B5}.Debug|Any CPU.ActiveCfg = Debug|Any CPU
		{700077FE-0206-46AF-AB46-46E8ECFF69B5}.Debug|Any CPU.Build.0 = Debug|Any CPU
		{700077FE-0206-46AF-AB46-46E8ECFF69B5}.Debug|x64.ActiveCfg = Debug|Any CPU
		{700077FE-0206-46AF-AB46-46E8ECFF69B5}.Debug|x64.Build.0 = Debug|Any CPU
		{700077FE-0206-46AF-AB46-46E8ECFF69B5}.Release|Any CPU.ActiveCfg = Release|Any CPU
		{700077FE-0206-46AF-AB46-46E8ECFF69B5}.Release|Any CPU.Build.0 = Release|Any CPU
		{700077FE-0206-46AF-AB46-46E8ECFF69B5}.Release|x64.ActiveCfg = Release|Any CPU
		{700077FE-0206-46AF-AB46-46E8ECFF69B5}.Release|x64.Build.0 = Release|Any CPU
	EndGlobalSection
	GlobalSection(SolutionProperties) = preSolution
		HideSolutionNode = FALSE
	EndGlobalSection
	GlobalSection(ExtensibilityGlobals) = postSolution
		SolutionGuid = {74AABAC5-839F-45C4-890F-1DBD43DF6417}
	EndGlobalSection
EndGlobal
